
Microsoft Visual Studio Solution File, Format Version 12.00
# Visual Studio 15
VisualStudioVersion = 15.0.27703.2026
MinimumVisualStudioVersion = 10.0.40219.1
Project("{FAE04EC0-301F-11D3-BF4B-00C04F79EFBC}") = "Infinitum", "Infinitum\Infinitum.csproj", "{9EEA6628-A65C-4ECD-8329-7F9EF5F49034}"
EndProject
Global
	GlobalSection(SolutionConfigurationPlatforms) = preSolution
		Debug|Any CPU = Debug|Any CPU
		Release|Any CPU = Release|Any CPU
	EndGlobalSection
	GlobalSection(ProjectConfigurationPlatforms) = postSolution
		{9EEA6628-A65C-4ECD-8329-7F9EF5F49034}.Debug|Any CPU.ActiveCfg = Debug|Any CPU
		{9EEA6628-A65C-4ECD-8329-7F9EF5F49034}.Debug|Any CPU.Build.0 = Debug|Any CPU
		{9EEA6628-A65C-4ECD-8329-7F9EF5F49034}.Release|Any CPU.ActiveCfg = Release|Any CPU
		{9EEA6628-A65C-4ECD-8329-7F9EF5F49034}.Release|Any CPU.Build.0 = Release|Any CPU
	EndGlobalSection
	GlobalSection(SolutionProperties) = preSolution
		HideSolutionNode = FALSE
	EndGlobalSection
	GlobalSection(ExtensibilityGlobals) = postSolution
		SolutionGuid = {AAFE4376-4D34-4271-8B0E-C2E5F12840D4}
	EndGlobalSection
EndGlobal
